<?xml version="1.0" encoding="utf-8"?>
<Project ToolsVersion="4.0" xmlns="http://schemas.microsoft.com/developer/msbuild/2003">
  <ItemGroup>
    <Filter Include="Source Files">
      <UniqueIdentifier>{4FC737F1-C7A5-4376-A066-2A32D752A2FF}</UniqueIdentifier>
      <Extensions>cpp;cxx;c;def</Extensions>
    </Filter>
    <Filter Include="Header Files">
      <UniqueIdentifier>{93995380-89BD-4b04-88EB-625FBE52EBFB}</UniqueIdentifier>
      <Extensions>h</Extensions>
    </Filter>
    <Filter Include="Form Files">
      <UniqueIdentifier>{99349809-55BA-4b9d-BF79-8FDBB0286EB3}</UniqueIdentifier>
      <Extensions>ui</Extensions>
    </Filter>
    <Filter Include="Resource Files">
      <UniqueIdentifier>{D9D6E242-F8AF-46E4-B9FD-80ECBC20BA3E}</UniqueIdentifier>
      <Extensions>qrc;*</Extensions>
      <ParseFiles>false</ParseFiles>
    </Filter>
    <Filter Include="Generated Files">
      <UniqueIdentifier>{71ED8ED8-ACB9-4CE9-BBE1-E00B30144E11}</UniqueIdentifier>
      <Extensions>moc;h;cpp</Extensions>
      <SourceControlFiles>False</SourceControlFiles>
    </Filter>
    <Filter Include="Generated Files\Debug">
      <UniqueIdentifier>{c28a2e82-16fb-4b8b-a9ee-b4cffa33d63e}</UniqueIdentifier>
      <Extensions>cpp;moc</Extensions>
      <SourceControlFiles>False</SourceControlFiles>
    </Filter>
    <Filter Include="Generated Files\Release">
      <UniqueIdentifier>{76c5fdff-378a-4b15-ad2f-3c637ff67ae7}</UniqueIdentifier>
      <Extensions>cpp;moc</Extensions>
      <SourceControlFiles>False</SourceControlFiles>
    </Filter>
  </ItemGroup>
  <ItemGroup>
    <ClCompile Include="main.cpp">
      <Filter>Source Files</Filter>
    </ClCompile>
    <ClCompile Include="qqlogin.cpp">
      <Filter>Source Files</Filter>
    </ClCompile>
    <ClCompile Include="GeneratedFiles\qrc_qqlogin.cpp">
      <Filter>Generated Files</Filter>
    </ClCompile>
    <ClCompile Include="GeneratedFiles\Debug\moc_mybuttonone.cpp">
      <Filter>Generated Files\Debug</Filter>
    </ClCompile>
    <ClCompile Include="GeneratedFiles\Release\moc_mybuttonone.cpp">
      <Filter>Generated Files\Release</Filter>
    </ClCompile>
    <ClCompile Include="mybutton.cpp">
      <Filter>Source Files</Filter>
    </ClCompile>
    <ClCompile Include="GeneratedFiles\Debug\moc_mybutton.cpp">
      <Filter>Generated Files\Debug</Filter>
    </ClCompile>
    <ClCompile Include="GeneratedFiles\Release\moc_mybutton.cpp">
      <Filter>Generated Files\Release</Filter>
    </ClCompile>
    <ClCompile Include="mybuttonone.cpp">
      <Filter>Source Files</Filter>
    </ClCompile>
    <ClCompile Include="QClient\qclient.cpp">
      <Filter>Source Files</Filter>
    </ClCompile>
    <ClCompile Include="GeneratedFiles\Release\moc_qclient.cpp">
      <Filter>Generated Files\Release</Filter>
    </ClCompile>
    <ClCompile Include="QClient\qheadicon.cpp">
      <Filter>Source Files</Filter>
    </ClCompile>
    <ClCompile Include="GeneratedFiles\Debug\moc_qheadicon.cpp">
      <Filter>Generated Files\Debug</Filter>
    </ClCompile>
    <ClCompile Include="GeneratedFiles\Release\moc_qheadicon.cpp">
      <Filter>Generated Files\Release</Filter>
    </ClCompile>
    <ClCompile Include="QClient\QMessageItem.cpp">
      <Filter>Source Files</Filter>
    </ClCompile>
    <ClCompile Include="GeneratedFiles\Debug\moc_QMessageItem.cpp">
      <Filter>Generated Files\Debug</Filter>
    </ClCompile>
    <ClCompile Include="GeneratedFiles\Release\moc_QMessageItem.cpp">
      <Filter>Generated Files\Release</Filter>
    </ClCompile>
    <ClCompile Include="QClient\QPersonList.cpp">
      <Filter>Source Files</Filter>
    </ClCompile>
    <ClCompile Include="GeneratedFiles\Debug\moc_QPersonList.cpp">
      <Filter>Generated Files\Debug</Filter>
    </ClCompile>
    <ClCompile Include="GeneratedFiles\Release\moc_QPersonList.cpp">
      <Filter>Generated Files\Release</Filter>
    </ClCompile>
    <ClCompile Include="AddFirend\QAddFrd.cpp">
      <Filter>Source Files</Filter>
    </ClCompile>
    <ClCompile Include="GeneratedFiles\Debug\moc_QAddFrd.cpp">
      <Filter>Generated Files\Debug</Filter>
    </ClCompile>
    <ClCompile Include="GeneratedFiles\Release\moc_QAddFrd.cpp">
      <Filter>Generated Files\Release</Filter>
    </ClCompile>
    <ClCompile Include="chat\qchatwindow.cpp">
      <Filter>Source Files</Filter>
    </ClCompile>
    <ClCompile Include="GeneratedFiles\Debug\moc_qchatwindow.cpp">
      <Filter>Generated Files\Debug</Filter>
    </ClCompile>
    <ClCompile Include="GeneratedFiles\Release\moc_qchatwindow.cpp">
      <Filter>Generated Files\Release</Filter>
    </ClCompile>
    <ClCompile Include="GeneratedFiles\Debug\moc_qnchatmessage.cpp">
      <Filter>Generated Files\Debug</Filter>
    </ClCompile>
    <ClCompile Include="GeneratedFiles\Release\moc_qnchatmessage.cpp">
      <Filter>Generated Files\Release</Filter>
    </ClCompile>
    <ClCompile Include="chat\qnchatmessage.cpp">
      <Filter>Source Files</Filter>
    </ClCompile>
    <ClCompile Include="Mediator\Mediator.cpp">
      <Filter>Source Files</Filter>
    </ClCompile>
    <ClCompile Include="GeneratedFiles\Debug\moc_Mediator.cpp">
      <Filter>Generated Files\Debug</Filter>
    </ClCompile>
    <ClCompile Include="GeneratedFiles\Release\moc_Mediator.cpp">
      <Filter>Generated Files\Release</Filter>
    </ClCompile>
    <ClCompile Include="GeneratedFiles\Debug\moc_qqlogin.cpp">
      <Filter>Source Files</Filter>
    </ClCompile>
    <ClCompile Include="GeneratedFiles\Debug\moc_qclient.cpp">
      <Filter>Source Files</Filter>
    </ClCompile>
    <ClCompile Include="Net\TCPNet.cpp">
      <Filter>Source Files</Filter>
    </ClCompile>
    <ClCompile Include="Net\UDPNet.cpp">
      <Filter>Source Files</Filter>
    </ClCompile>
    <ClCompile Include="UDPVerify\UDPVerify.cpp">
      <Filter>Source Files</Filter>
    </ClCompile>
    <ClCompile Include="GeneratedFiles\Release\moc_qqlogin.cpp">
      <Filter>Generated Files\Release</Filter>
    </ClCompile>
    <ClCompile Include="Agency\AgencyTCP.cpp">
      <Filter>Source Files</Filter>
    </ClCompile>
    <ClCompile Include="Agency\AgencyUDP.cpp">
      <Filter>Source Files</Filter>
    </ClCompile>
    <ClCompile Include="GeneratedFiles\Debug\moc_Agency.cpp">
      <Filter>Generated Files\Debug</Filter>
    </ClCompile>
    <ClCompile Include="GeneratedFiles\Release\moc_Agency.cpp">
      <Filter>Generated Files\Release</Filter>
    </ClCompile>
    <ClCompile Include="GeneratedFiles\Debug\moc_AgencyUDP.cpp">
      <Filter>Generated Files\Debug</Filter>
    </ClCompile>
    <ClCompile Include="GeneratedFiles\Release\moc_AgencyUDP.cpp">
      <Filter>Generated Files\Release</Filter>
    </ClCompile>
    <ClCompile Include="GeneratedFiles\Debug\moc_INet.cpp">
      <Filter>Generated Files\Debug</Filter>
    </ClCompile>
    <ClCompile Include="NetThread\UdpThread.cpp">
      <Filter>Source Files</Filter>
    </ClCompile>
    <ClCompile Include="GeneratedFiles\Debug\moc_UdpThread.cpp">
      <Filter>Generated Files\Debug</Filter>
    </ClCompile>
    <ClCompile Include="GeneratedFiles\Release\moc_UdpThread.cpp">
      <Filter>Generated Files\Release</Filter>
    </ClCompile>
    <ClCompile Include="NetThread\TcpThread.cpp">
      <Filter>Source Files</Filter>
    </ClCompile>
    <ClCompile Include="GeneratedFiles\Debug\moc_TcpThread.cpp">
      <Filter>Generated Files\Debug</Filter>
    </ClCompile>
    <ClCompile Include="GeneratedFiles\Release\moc_TcpThread.cpp">
      <Filter>Generated Files\Release</Filter>
    </ClCompile>
    <ClCompile Include="GeneratedFiles\Debug\moc_AgencyTCP.cpp">
      <Filter>Generated Files\Debug</Filter>
    </ClCompile>
    <ClCompile Include="GeneratedFiles\Release\moc_AgencyTCP.cpp">
      <Filter>Generated Files\Release</Filter>
    </ClCompile>
    <ClCompile Include="GeneratedFiles\Release\moc_INet.cpp">
      <Filter>Generated Files\Release</Filter>
    </ClCompile>
    <ClCompile Include="Protocol\Protocol.cpp">
      <Filter>Source Files</Filter>
    </ClCompile>
    <ClCompile Include="signup.cpp">
      <Filter>Source Files</Filter>
    </ClCompile>
    <ClCompile Include="GeneratedFiles\Debug\moc_signup.cpp">
      <Filter>Generated Files\Debug</Filter>
    </ClCompile>
    <ClCompile Include="GeneratedFiles\Release\moc_signup.cpp">
      <Filter>Generated Files\Release</Filter>
    </ClCompile>
  </ItemGroup>
  <ItemGroup>
    <CustomBuild Include="qqlogin.ui">
      <Filter>Form Files</Filter>
    </CustomBuild>
    <CustomBuild Include="qqlogin.qrc">
      <Filter>Resource Files</Filter>
    </CustomBuild>
    <CustomBuild Include="mybuttonone.h">
      <Filter>Header Files</Filter>
    </CustomBuild>
    <CustomBuild Include="mybutton.h">
      <Filter>Header Files</Filter>
    </CustomBuild>
    <CustomBuild Include="QClient\qclient.h">
      <Filter>Header Files</Filter>
    </CustomBuild>
    <CustomBuild Include="QClient\qclient.ui">
      <Filter>Form Files</Filter>
    </CustomBuild>
    <CustomBuild Include="QClient\qheadicon.h">
      <Filter>Header Files</Filter>
    </CustomBuild>
    <CustomBuild Include="QClient\QMessageItem.h">
      <Filter>Header Files</Filter>
    </CustomBuild>
    <CustomBuild Include="QClient\QPersonList.h">
      <Filter>Header Files</Filter>
    </CustomBuild>
    <CustomBuild Include="AddFirend\QAddFrd.h">
      <Filter>Header Files</Filter>
    </CustomBuild>
    <CustomBuild Include="AddFirend\QAddFrd.ui">
      <Filter>Form Files</Filter>
    </CustomBuild>
    <CustomBuild Include="chat\qchatwindow.h">
      <Filter>Header Files</Filter>
    </CustomBuild>
    <CustomBuild Include="chat\qchatwindow.ui">
      <Filter>Form Files</Filter>
    </CustomBuild>
    <CustomBuild Include="chat\qnchatmessage.h">
      <Filter>Header Files</Filter>
    </CustomBuild>
    <CustomBuild Include="Mediator\Mediator.h">
      <Filter>Header Files</Filter>
    </CustomBuild>
    <CustomBuild Include="qqlogin.h">
      <Filter>Header Files</Filter>
    </CustomBuild>
    <CustomBuild Include="Agency\Agency.h">
      <Filter>Header Files</Filter>
    </CustomBuild>
    <CustomBuild Include="Agency\AgencyTCP.h">
      <Filter>Header Files</Filter>
    </CustomBuild>
    <CustomBuild Include="Agency\AgencyUDP.h">
      <Filter>Header Files</Filter>
    </CustomBuild>
    <CustomBuild Include="Net\INet.h">
      <Filter>Header Files</Filter>
    </CustomBuild>
    <CustomBuild Include="NetThread\UdpThread.h">
      <Filter>Header Files</Filter>
    </CustomBuild>
    <CustomBuild Include="NetThread\TcpThread.h">
      <Filter>Header Files</Filter>
    </CustomBuild>
    <CustomBuild Include="signup.h">
      <Filter>Header Files</Filter>
    </CustomBuild>
  </ItemGroup>
  <ItemGroup>
    <ClInclude Include="GeneratedFiles\ui_qqlogin.h">
      <Filter>Generated Files</Filter>
    </ClInclude>
    <ClInclude Include="resource.h">
      <Filter>Header Files</Filter>
    </ClInclude>
    <ClInclude Include="GeneratedFiles\ui_qclient.h">
      <Filter>Generated Files</Filter>
    </ClInclude>
    <ClInclude Include="resource1.h">
      <Filter>Header Files</Filter>
    </ClInclude>
    <ClInclude Include="GeneratedFiles\ui_QAddFrd.h">
      <Filter>Generated Files</Filter>
    </ClInclude>
    <ClInclude Include="GeneratedFiles\ui_qchatwindow.h">
      <Filter>Generated Files</Filter>
    </ClInclude>
    <ClInclude Include="Net\TCPNet.h">
      <Filter>Header Files</Filter>
    </ClInclude>
    <ClInclude Include="Net\UDPNet.h">
      <Filter>Header Files</Filter>
    </ClInclude>
    <ClInclude Include="Pack\Pack.h">
      <Filter>Header Files</Filter>
    </ClInclude>
    <ClInclude Include="Protocol\Protocol.h">
      <Filter>Header Files</Filter>
    </ClInclude>
    <ClInclude Include="UDPVerify\UDPVerify.h">
      <Filter>Header Files</Filter>
    </ClInclude>
  </ItemGroup>
  <ItemGroup>
    <Image Include="Resources\down-arrow.png" />
    <Image Include="Resources\down-arrow-hover.png" />
    <Image Include="Resources\down-arrow-pressed.png" />
    <Image Include="Resources\Image.png" />
  </ItemGroup>
  <ItemGroup>
    <ResourceCompile Include="QQLogin.rc" />
  </ItemGroup>
  <ItemGroup>
    <None Include="Resources\FriendTreeWidget.qss" />
    <None Include="QQLogin.aps" />
    <None Include="QQLogin.pri" />
    <None Include="QQLogin.pro" />
    <None Include="QQLogin.VC.db" />
    <None Include="cpp.hint" />
  </ItemGroup>
</Project>